
Microsoft Visual Studio Solution File, Format Version 12.00
# Visual Studio 15
Project("{FAE04EC0-301F-11D3-BF4B-00C04F79EFBC}") = "CW.Common", "CW.Common.csproj", "{65AB8FAA-B0FB-0668-94B9-35777052F440}"
EndProject
Project("{FAE04EC0-301F-11D3-BF4B-00C04F79EFBC}") = "Assembly-CSharp", "Assembly-CSharp.csproj", "{94D64F0D-5B2B-A0CC-37AC-E9C96C3FCDEF}"
EndProject
Project("{FAE04EC0-301F-11D3-BF4B-00C04F79EFBC}") = "LeanCommon", "LeanCommon.csproj", "{A7D61542-FBE0-3365-F594-AB7CDD1DEBE0}"
EndProject
Project("{FAE04EC0-301F-11D3-BF4B-00C04F79EFBC}") = "LeanTouch", "LeanTouch.csproj", "{1FE54040-557F-ED2D-E1D7-A6868B45BD0F}"
EndProject
Project("{FAE04EC0-301F-11D3-BF4B-00C04F79EFBC}") = "Assembly-CSharp-Editor", "Assembly-CSharp-Editor.csproj", "{6BAB18FC-5147-6F1C-56DC-868A0B73923C}"
EndProject
Global
	GlobalSection(SolutionConfigurationPlatforms) = preSolution
		Debug|Any CPU = Debug|Any CPU
		Release|Any CPU = Release|Any CPU
	EndGlobalSection
	GlobalSection(ProjectConfigurationPlatforms) = postSolution
		{65AB8FAA-B0FB-0668-94B9-35777052F440}.Debug|Any CPU.ActiveCfg = Debug|Any CPU
		{65AB8FAA-B0FB-0668-94B9-35777052F440}.Debug|Any CPU.Build.0 = Debug|Any CPU
		{65AB8FAA-B0FB-0668-94B9-35777052F440}.Release|Any CPU.ActiveCfg = Release|Any CPU
		{65AB8FAA-B0FB-0668-94B9-35777052F440}.Release|Any CPU.Build.0 = Release|Any CPU
		{94D64F0D-5B2B-A0CC-37AC-E9C96C3FCDEF}.Debug|Any CPU.ActiveCfg = Debug|Any CPU
		{94D64F0D-5B2B-A0CC-37AC-E9C96C3FCDEF}.Debug|Any CPU.Build.0 = Debug|Any CPU
		{94D64F0D-5B2B-A0CC-37AC-E9C96C3FCDEF}.Release|Any CPU.ActiveCfg = Release|Any CPU
		{94D64F0D-5B2B-A0CC-37AC-E9C96C3FCDEF}.Release|Any CPU.Build.0 = Release|Any CPU
		{A7D61542-FBE0-3365-F594-AB7CDD1DEBE0}.Debug|Any CPU.ActiveCfg = Debug|Any CPU
		{A7D61542-FBE0-3365-F594-AB7CDD1DEBE0}.Debug|Any CPU.Build.0 = Debug|Any CPU
		{A7D61542-FBE0-3365-F594-AB7CDD1DEBE0}.Release|Any CPU.ActiveCfg = Release|Any CPU
		{A7D61542-FBE0-3365-F594-AB7CDD1DEBE0}.Release|Any CPU.Build.0 = Release|Any CPU
		{1FE54040-557F-ED2D-E1D7-A6868B45BD0F}.Debug|Any CPU.ActiveCfg = Debug|Any CPU
		{1FE54040-557F-ED2D-E1D7-A6868B45BD0F}.Debug|Any CPU.Build.0 = Debug|Any CPU
		{1FE54040-557F-ED2D-E1D7-A6868B45BD0F}.Release|Any CPU.ActiveCfg = Release|Any CPU
		{1FE54040-557F-ED2D-E1D7-A6868B45BD0F}.Release|Any CPU.Build.0 = Release|Any CPU
		{6BAB18FC-5147-6F1C-56DC-868A0B73923C}.Debug|Any CPU.ActiveCfg = Debug|Any CPU
		{6BAB18FC-5147-6F1C-56DC-868A0B73923C}.Debug|Any CPU.Build.0 = Debug|Any CPU
		{6BAB18FC-5147-6F1C-56DC-868A0B73923C}.Release|Any CPU.ActiveCfg = Release|Any CPU
		{6BAB18FC-5147-6F1C-56DC-868A0B73923C}.Release|Any CPU.Build.0 = Release|Any CPU
	EndGlobalSection
	GlobalSection(SolutionProperties) = preSolution
		HideSolutionNode = FALSE
	EndGlobalSection
EndGlobal
